
Microsoft Visual Studio Solution File, Format Version 12.00
# Visual Studio 15
VisualStudioVersion = 15.0.28307.645
MinimumVisualStudioVersion = 10.0.40219.1
Project("{FAE04EC0-301F-11D3-BF4B-00C04F79EFBC}") = "EurotopiaBackOffice", "EurotopiaBackOffice\EurotopiaBackOffice.csproj", "{4C25FEB8-4225-45CB-B25F-D073FE0507ED}"
EndProject
Project("{FAE04EC0-301F-11D3-BF4B-00C04F79EFBC}") = "EurotopiaClasses", "EurotopiaClasses\EurotopiaClasses.csproj", "{72E030B9-FFA7-4948-A6AB-F1243A9F4ECD}"
EndProject
Project("{E24C65DC-7377-472B-9ABA-BC803B73C61A}") = "EurotopiaFrontOffice", "EurotopiaFrontOffice\", "{CD8947F0-71D7-4312-AB9B-4F6582A7C403}"
	ProjectSection(WebsiteProperties) = preProject
		TargetFrameworkMoniker = ".NETFramework,Version%3Dv4.6.1"
		ProjectReferences = "{72e030b9-ffa7-4948-a6ab-f1243a9f4ecd}|EurotopiaClasses.dll;"
		Debug.AspNetCompiler.VirtualPath = "/localhost_4132"
		Debug.AspNetCompiler.PhysicalPath = "EurotopiaFrontOffice\"
		Debug.AspNetCompiler.TargetPath = "PrecompiledWeb\localhost_4132\"
		Debug.AspNetCompiler.Updateable = "true"
		Debug.AspNetCompiler.ForceOverwrite = "true"
		Debug.AspNetCompiler.FixedNames = "false"
		Debug.AspNetCompiler.Debug = "True"
		Release.AspNetCompiler.VirtualPath = "/localhost_4132"
		Release.AspNetCompiler.PhysicalPath = "EurotopiaFrontOffice\"
		Release.AspNetCompiler.TargetPath = "PrecompiledWeb\localhost_4132\"
		Release.AspNetCompiler.Updateable = "true"
		Release.AspNetCompiler.ForceOverwrite = "true"
		Release.AspNetCompiler.FixedNames = "false"
		Release.AspNetCompiler.Debug = "False"
		VWDPort = "4132"
		SlnRelativePath = "EurotopiaFrontOffice\"
	EndProjectSection
EndProject
Project("{FAE04EC0-301F-11D3-BF4B-00C04F79EFBC}") = "Eurotopia Testing", "Eurotopia Testing\Eurotopia Testing.csproj", "{82D81203-79DC-49CC-9F5F-22E76ECCD42C}"
EndProject
Global
	GlobalSection(SolutionConfigurationPlatforms) = preSolution
		Debug|Any CPU = Debug|Any CPU
		Release|Any CPU = Release|Any CPU
	EndGlobalSection
	GlobalSection(ProjectConfigurationPlatforms) = postSolution
		{4C25FEB8-4225-45CB-B25F-D073FE0507ED}.Debug|Any CPU.ActiveCfg = Debug|Any CPU
		{4C25FEB8-4225-45CB-B25F-D073FE0507ED}.Debug|Any CPU.Build.0 = Debug|Any CPU
		{4C25FEB8-4225-45CB-B25F-D073FE0507ED}.Release|Any CPU.ActiveCfg = Release|Any CPU
		{4C25FEB8-4225-45CB-B25F-D073FE0507ED}.Release|Any CPU.Build.0 = Release|Any CPU
		{72E030B9-FFA7-4948-A6AB-F1243A9F4ECD}.Debug|Any CPU.ActiveCfg = Debug|Any CPU
		{72E030B9-FFA7-4948-A6AB-F1243A9F4ECD}.Debug|Any CPU.Build.0 = Debug|Any CPU
		{72E030B9-FFA7-4948-A6AB-F1243A9F4ECD}.Release|Any CPU.ActiveCfg = Release|Any CPU
		{72E030B9-FFA7-4948-A6AB-F1243A9F4ECD}.Release|Any CPU.Build.0 = Release|Any CPU
		{CD8947F0-71D7-4312-AB9B-4F6582A7C403}.Debug|Any CPU.ActiveCfg = Debug|Any CPU
		{CD8947F0-71D7-4312-AB9B-4F6582A7C403}.Debug|Any CPU.Build.0 = Debug|Any CPU
		{CD8947F0-71D7-4312-AB9B-4F6582A7C403}.Release|Any CPU.ActiveCfg = Debug|Any CPU
		{CD8947F0-71D7-4312-AB9B-4F6582A7C403}.Release|Any CPU.Build.0 = Debug|Any CPU
		{82D81203-79DC-49CC-9F5F-22E76ECCD42C}.Debug|Any CPU.ActiveCfg = Debug|Any CPU
		{82D81203-79DC-49CC-9F5F-22E76ECCD42C}.Debug|Any CPU.Build.0 = Debug|Any CPU
		{82D81203-79DC-49CC-9F5F-22E76ECCD42C}.Release|Any CPU.ActiveCfg = Release|Any CPU
		{82D81203-79DC-49CC-9F5F-22E76ECCD42C}.Release|Any CPU.Build.0 = Release|Any CPU
	EndGlobalSection
	GlobalSection(SolutionProperties) = preSolution
		HideSolutionNode = FALSE
	EndGlobalSection
	GlobalSection(ExtensibilityGlobals) = postSolution
		SolutionGuid = {77319B79-9CF1-42BC-BE00-6311A9D4C0E5}
	EndGlobalSection
EndGlobal
